
Microsoft Visual Studio Solution File, Format Version 12.00
# Visual Studio Version 17
VisualStudioVersion = 17.3.32929.385
MinimumVisualStudioVersion = 10.0.40219.1
Project("{FAE04EC0-301F-11D3-BF4B-00C04F79EFBC}") = "Wampus v2.0", "Wampus v2.0\Wampus v2.0.csproj", "{06080C21-7CEF-4EFE-A5FE-4B9B5B5CAA66}"
EndProject
Global
	GlobalSection(SolutionConfigurationPlatforms) = preSolution
		Debug|Any CPU = Debug|Any CPU
		Release|Any CPU = Release|Any CPU
	EndGlobalSection
	GlobalSection(ProjectConfigurationPlatforms) = postSolution
		{06080C21-7CEF-4EFE-A5FE-4B9B5B5CAA66}.Debug|Any CPU.ActiveCfg = Debug|Any CPU
		{06080C21-7CEF-4EFE-A5FE-4B9B5B5CAA66}.Debug|Any CPU.Build.0 = Debug|Any CPU
		{06080C21-7CEF-4EFE-A5FE-4B9B5B5CAA66}.Release|Any CPU.ActiveCfg = Release|Any CPU
		{06080C21-7CEF-4EFE-A5FE-4B9B5B5CAA66}.Release|Any CPU.Build.0 = Release|Any CPU
	EndGlobalSection
	GlobalSection(SolutionProperties) = preSolution
		HideSolutionNode = FALSE
	EndGlobalSection
	GlobalSection(ExtensibilityGlobals) = postSolution
		SolutionGuid = {10739DCA-31D6-4002-B710-B59C9CBB1A69}
	EndGlobalSection
EndGlobal
